
Microsoft Visual Studio Solution File, Format Version 12.00
# Visual Studio Version 17
VisualStudioVersion = 17.5.33530.505
MinimumVisualStudioVersion = 10.0.40219.1
Project("{9A19103F-16F7-4668-BE54-9A1E7A4F7556}") = "Bloggie.Web", "Bloggie.Web\Bloggie.Web.csproj", "{5EA9691B-1915-4356-A051-4C318C83C85A}"
EndProject
Global
	GlobalSection(SolutionConfigurationPlatforms) = preSolution
		Debug|Any CPU = Debug|Any CPU
		Release|Any CPU = Release|Any CPU
	EndGlobalSection
	GlobalSection(ProjectConfigurationPlatforms) = postSolution
		{5EA9691B-1915-4356-A051-4C318C83C85A}.Debug|Any CPU.ActiveCfg = Debug|Any CPU
		{5EA9691B-1915-4356-A051-4C318C83C85A}.Debug|Any CPU.Build.0 = Debug|Any CPU
		{5EA9691B-1915-4356-A051-4C318C83C85A}.Release|Any CPU.ActiveCfg = Release|Any CPU
		{5EA9691B-1915-4356-A051-4C318C83C85A}.Release|Any CPU.Build.0 = Release|Any CPU
	EndGlobalSection
	GlobalSection(SolutionProperties) = preSolution
		HideSolutionNode = FALSE
	EndGlobalSection
	GlobalSection(ExtensibilityGlobals) = postSolution
		SolutionGuid = {6AFBD72B-B211-434E-A95F-72C215092727}
	EndGlobalSection
EndGlobal
